
Microsoft Visual Studio Solution File, Format Version 12.00
# Visual Studio Version 16
VisualStudioVersion = 16.0.30611.23
MinimumVisualStudioVersion = 10.0.40219.1
Project("{FAE04EC0-301F-11D3-BF4B-00C04F79EFBC}") = "HardHorn", "HardHorn\HardHorn.csproj", "{7F311949-02F8-4315-A187-9D40B31B8605}"
EndProject
Project("{FAE04EC0-301F-11D3-BF4B-00C04F79EFBC}") = "Analyzer", "HardHornLight\Analyzer.csproj", "{AE323D14-7514-4480-BC94-0430FEDCD208}"
EndProject
Project("{9A19103F-16F7-4668-BE54-9A1E7A4F7556}") = "nealib", "nealib\nealib\nealib.csproj", "{81DBD6CE-C525-45BD-A6DA-9B7AE8DDAD8C}"
EndProject
Global
	GlobalSection(SolutionConfigurationPlatforms) = preSolution
		Debug|Any CPU = Debug|Any CPU
		Debug|x86 = Debug|x86
		Release|Any CPU = Release|Any CPU
		Release|x86 = Release|x86
	EndGlobalSection
	GlobalSection(ProjectConfigurationPlatforms) = postSolution
		{7F311949-02F8-4315-A187-9D40B31B8605}.Debug|Any CPU.ActiveCfg = Debug|Any CPU
		{7F311949-02F8-4315-A187-9D40B31B8605}.Debug|Any CPU.Build.0 = Debug|Any CPU
		{7F311949-02F8-4315-A187-9D40B31B8605}.Debug|x86.ActiveCfg = Debug|Any CPU
		{7F311949-02F8-4315-A187-9D40B31B8605}.Debug|x86.Build.0 = Debug|Any CPU
		{7F311949-02F8-4315-A187-9D40B31B8605}.Release|Any CPU.ActiveCfg = Release|Any CPU
		{7F311949-02F8-4315-A187-9D40B31B8605}.Release|Any CPU.Build.0 = Release|Any CPU
		{7F311949-02F8-4315-A187-9D40B31B8605}.Release|x86.ActiveCfg = Release|x86
		{7F311949-02F8-4315-A187-9D40B31B8605}.Release|x86.Build.0 = Release|x86
		{AE323D14-7514-4480-BC94-0430FEDCD208}.Debug|Any CPU.ActiveCfg = Debug|Any CPU
		{AE323D14-7514-4480-BC94-0430FEDCD208}.Debug|Any CPU.Build.0 = Debug|Any CPU
		{AE323D14-7514-4480-BC94-0430FEDCD208}.Debug|x86.ActiveCfg = Debug|Any CPU
		{AE323D14-7514-4480-BC94-0430FEDCD208}.Debug|x86.Build.0 = Debug|Any CPU
		{AE323D14-7514-4480-BC94-0430FEDCD208}.Release|Any CPU.ActiveCfg = Release|Any CPU
		{AE323D14-7514-4480-BC94-0430FEDCD208}.Release|Any CPU.Build.0 = Release|Any CPU
		{AE323D14-7514-4480-BC94-0430FEDCD208}.Release|x86.ActiveCfg = Release|Any CPU
		{AE323D14-7514-4480-BC94-0430FEDCD208}.Release|x86.Build.0 = Release|Any CPU
		{81DBD6CE-C525-45BD-A6DA-9B7AE8DDAD8C}.Debug|Any CPU.ActiveCfg = Debug|Any CPU
		{81DBD6CE-C525-45BD-A6DA-9B7AE8DDAD8C}.Debug|Any CPU.Build.0 = Debug|Any CPU
		{81DBD6CE-C525-45BD-A6DA-9B7AE8DDAD8C}.Debug|x86.ActiveCfg = Debug|Any CPU
		{81DBD6CE-C525-45BD-A6DA-9B7AE8DDAD8C}.Debug|x86.Build.0 = Debug|Any CPU
		{81DBD6CE-C525-45BD-A6DA-9B7AE8DDAD8C}.Release|Any CPU.ActiveCfg = Release|Any CPU
		{81DBD6CE-C525-45BD-A6DA-9B7AE8DDAD8C}.Release|Any CPU.Build.0 = Release|Any CPU
		{81DBD6CE-C525-45BD-A6DA-9B7AE8DDAD8C}.Release|x86.ActiveCfg = Release|Any CPU
		{81DBD6CE-C525-45BD-A6DA-9B7AE8DDAD8C}.Release|x86.Build.0 = Release|Any CPU
	EndGlobalSection
	GlobalSection(SolutionProperties) = preSolution
		HideSolutionNode = FALSE
	EndGlobalSection
	GlobalSection(ExtensibilityGlobals) = postSolution
		SolutionGuid = {1045D27B-4F20-462D-BABF-778168FB76A9}
	EndGlobalSection
EndGlobal
